
Microsoft Visual Studio Solution File, Format Version 12.00
# Visual Studio 15
VisualStudioVersion = 15.0.27703.2035
MinimumVisualStudioVersion = 10.0.40219.1
Project("{FAE04EC0-301F-11D3-BF4B-00C04F79EFBC}") = "ModelBindingCollectionDemo", "ModelBindingCollectionDemo\ModelBindingCollectionDemo.csproj", "{A360CC15-9FF0-4F58-9F37-2E3973E263C1}"
EndProject
Global
	GlobalSection(SolutionConfigurationPlatforms) = preSolution
		Debug|Any CPU = Debug|Any CPU
		Release|Any CPU = Release|Any CPU
	EndGlobalSection
	GlobalSection(ProjectConfigurationPlatforms) = postSolution
		{A360CC15-9FF0-4F58-9F37-2E3973E263C1}.Debug|Any CPU.ActiveCfg = Debug|Any CPU
		{A360CC15-9FF0-4F58-9F37-2E3973E263C1}.Debug|Any CPU.Build.0 = Debug|Any CPU
		{A360CC15-9FF0-4F58-9F37-2E3973E263C1}.Release|Any CPU.ActiveCfg = Release|Any CPU
		{A360CC15-9FF0-4F58-9F37-2E3973E263C1}.Release|Any CPU.Build.0 = Release|Any CPU
	EndGlobalSection
	GlobalSection(SolutionProperties) = preSolution
		HideSolutionNode = FALSE
	EndGlobalSection
	GlobalSection(ExtensibilityGlobals) = postSolution
		SolutionGuid = {96CD8666-61EB-46FE-83C6-FA9A28430EFF}
	EndGlobalSection
EndGlobal
